// !$*UTF8*$!
{
	archiveVersion = 1;
	classes = {
	};
	objectVersion = 46;
	objects = {

/* Begin PBXBuildFile section */
		248E18BF1DE0767E0095516B /* Routing.h in Headers */ = {isa = PBXBuildFile; fileRef = 248E18BD1DE0767E0095516B /* Routing.h */; settings = {ATTRIBUTES = (Public, ); }; };
		248E18C21DE0767E0095516B /* Routing.framework in Frameworks */ = {isa = PBXBuildFile; fileRef = 248E18BB1DE0767E0095516B /* Routing.framework */; };
		248E18C31DE0767E0095516B /* Routing.framework in Embed Frameworks */ = {isa = PBXBuildFile; fileRef = 248E18BB1DE0767E0095516B /* Routing.framework */; settings = {ATTRIBUTES = (CodeSignOnCopy, RemoveHeadersOnCopy, ); }; };
		248E18CE1DE076B90095516B /* Action.swift in Sources */ = {isa = PBXBuildFile; fileRef = 248E18C81DE076B90095516B /* Action.swift */; };
		248E18CF1DE076B90095516B /* Performer.swift in Sources */ = {isa = PBXBuildFile; fileRef = 248E18C91DE076B90095516B /* Performer.swift */; };
		248E18D01DE076B90095516B /* UINavigationController.swift in Sources */ = {isa = PBXBuildFile; fileRef = 248E18CA1DE076B90095516B /* UINavigationController.swift */; };
		248E18D11DE076B90095516B /* UISplitViewController.swift in Sources */ = {isa = PBXBuildFile; fileRef = 248E18CB1DE076B90095516B /* UISplitViewController.swift */; };
		248E18D21DE076B90095516B /* UITabBarController.swift in Sources */ = {isa = PBXBuildFile; fileRef = 248E18CC1DE076B90095516B /* UITabBarController.swift */; };
		248E18D31DE076B90095516B /* UIViewController.swift in Sources */ = {isa = PBXBuildFile; fileRef = 248E18CD1DE076B90095516B /* UIViewController.swift */; };
		24A0243B1E2FAB84008CA2D8 /* UIApplication.swift in Sources */ = {isa = PBXBuildFile; fileRef = 24A0243A1E2FAB84008CA2D8 /* UIApplication.swift */; };
		637B57F51DD608B300A8D71C /* AppDelegate.swift in Sources */ = {isa = PBXBuildFile; fileRef = 637B57F41DD608B300A8D71C /* AppDelegate.swift */; };
		637B57F71DD608B300A8D71C /* PerformerViewController.swift in Sources */ = {isa = PBXBuildFile; fileRef = 637B57F61DD608B300A8D71C /* PerformerViewController.swift */; };
		637B57FA1DD608B300A8D71C /* Main.storyboard in Resources */ = {isa = PBXBuildFile; fileRef = 637B57F81DD608B300A8D71C /* Main.storyboard */; };
		637B57FC1DD608B300A8D71C /* Assets.xcassets in Resources */ = {isa = PBXBuildFile; fileRef = 637B57FB1DD608B300A8D71C /* Assets.xcassets */; };
		637B57FF1DD608B300A8D71C /* LaunchScreen.storyboard in Resources */ = {isa = PBXBuildFile; fileRef = 637B57FD1DD608B300A8D71C /* LaunchScreen.storyboard */; };
		637B58111DD60C8D00A8D71C /* Screen.swift in Sources */ = {isa = PBXBuildFile; fileRef = 637B58101DD60C8D00A8D71C /* Screen.swift */; };
		637B58131DD60E7800A8D71C /* ActionViewController.swift in Sources */ = {isa = PBXBuildFile; fileRef = 637B58121DD60E7800A8D71C /* ActionViewController.swift */; };
/* End PBXBuildFile section */

/* Begin PBXContainerItemProxy section */
		248E18C01DE0767E0095516B /* PBXContainerItemProxy */ = {
			isa = PBXContainerItemProxy;
			containerPortal = 637B57E91DD608B300A8D71C /* Project object */;
			proxyType = 1;
			remoteGlobalIDString = 248E18BA1DE0767E0095516B;
			remoteInfo = Routing;
		};
/* End PBXContainerItemProxy section */

/* Begin PBXCopyFilesBuildPhase section */
		248E18C71DE0767E0095516B /* Embed Frameworks */ = {
			isa = PBXCopyFilesBuildPhase;
			buildActionMask = 2147483647;
			dstPath = "";
			dstSubfolderSpec = 10;
			files = (
				248E18C31DE0767E0095516B /* Routing.framework in Embed Frameworks */,
			);
			name = "Embed Frameworks";
			runOnlyForDeploymentPostprocessing = 0;
		};
/* End PBXCopyFilesBuildPhase section */

/* Begin PBXFileReference section */
		248E18BB1DE0767E0095516B /* Routing.framework */ = {isa = PBXFileReference; explicitFileType = wrapper.framework; includeInIndex = 0; path = Routing.framework; sourceTree = BUILT_PRODUCTS_DIR; };
		248E18BD1DE0767E0095516B /* Routing.h */ = {isa = PBXFileReference; lastKnownFileType = sourcecode.c.h; path = Routing.h; sourceTree = "<group>"; };
		248E18BE1DE0767E0095516B /* Info.plist */ = {isa = PBXFileReference; lastKnownFileType = text.plist.xml; path = Info.plist; sourceTree = "<group>"; };
		248E18C81DE076B90095516B /* Action.swift */ = {isa = PBXFileReference; fileEncoding = 4; lastKnownFileType = sourcecode.swift; path = Action.swift; sourceTree = "<group>"; };
		248E18C91DE076B90095516B /* Performer.swift */ = {isa = PBXFileReference; fileEncoding = 4; lastKnownFileType = sourcecode.swift; path = Performer.swift; sourceTree = "<group>"; };
		248E18CA1DE076B90095516B /* UINavigationController.swift */ = {isa = PBXFileReference; fileEncoding = 4; lastKnownFileType = sourcecode.swift; path = UINavigationController.swift; sourceTree = "<group>"; };
		248E18CB1DE076B90095516B /* UISplitViewController.swift */ = {isa = PBXFileReference; fileEncoding = 4; lastKnownFileType = sourcecode.swift; path = UISplitViewController.swift; sourceTree = "<group>"; };
		248E18CC1DE076B90095516B /* UITabBarController.swift */ = {isa = PBXFileReference; fileEncoding = 4; lastKnownFileType = sourcecode.swift; path = UITabBarController.swift; sourceTree = "<group>"; };
		248E18CD1DE076B90095516B /* UIViewController.swift */ = {isa = PBXFileReference; fileEncoding = 4; lastKnownFileType = sourcecode.swift; path = UIViewController.swift; sourceTree = "<group>"; };
		248E18D71DE0791A0095516B /* Debug.xcconfig */ = {isa = PBXFileReference; lastKnownFileType = text.xcconfig; path = Debug.xcconfig; sourceTree = "<group>"; };
		248E18DA1DE0791A0095516B /* iOS Application.xcconfig */ = {isa = PBXFileReference; lastKnownFileType = text.xcconfig; path = "iOS Application.xcconfig"; sourceTree = "<group>"; };
		248E18DB1DE0791A0095516B /* iOS Bundle.xcconfig */ = {isa = PBXFileReference; lastKnownFileType = text.xcconfig; path = "iOS Bundle.xcconfig"; sourceTree = "<group>"; };
		248E18DC1DE0791A0095516B /* iOS Extension.xcconfig */ = {isa = PBXFileReference; lastKnownFileType = text.xcconfig; path = "iOS Extension.xcconfig"; sourceTree = "<group>"; };
		248E18DD1DE0791A0095516B /* iOS Framework.xcconfig */ = {isa = PBXFileReference; lastKnownFileType = text.xcconfig; path = "iOS Framework.xcconfig"; sourceTree = "<group>"; };
		248E18DE1DE0791A0095516B /* iOS Static Library.xcconfig */ = {isa = PBXFileReference; lastKnownFileType = text.xcconfig; path = "iOS Static Library.xcconfig"; sourceTree = "<group>"; };
		248E18DF1DE0791A0095516B /* iOS Tests.xcconfig */ = {isa = PBXFileReference; lastKnownFileType = text.xcconfig; path = "iOS Tests.xcconfig"; sourceTree = "<group>"; };
		248E18E01DE0791A0095516B /* iOS UI Tests.xcconfig */ = {isa = PBXFileReference; lastKnownFileType = text.xcconfig; path = "iOS UI Tests.xcconfig"; sourceTree = "<group>"; };
		248E18E11DE0791A0095516B /* iOS.xcconfig */ = {isa = PBXFileReference; lastKnownFileType = text.xcconfig; path = iOS.xcconfig; sourceTree = "<group>"; };
		248E18E31DE0791A0095516B /* macOS Application.xcconfig */ = {isa = PBXFileReference; lastKnownFileType = text.xcconfig; path = "macOS Application.xcconfig"; sourceTree = "<group>"; };
		248E18E41DE0791A0095516B /* macOS Extension.xcconfig */ = {isa = PBXFileReference; lastKnownFileType = text.xcconfig; path = "macOS Extension.xcconfig"; sourceTree = "<group>"; };
		248E18E51DE0791A0095516B /* macOS Framework.xcconfig */ = {isa = PBXFileReference; lastKnownFileType = text.xcconfig; path = "macOS Framework.xcconfig"; sourceTree = "<group>"; };
		248E18E61DE0791A0095516B /* macOS Tests.xcconfig */ = {isa = PBXFileReference; lastKnownFileType = text.xcconfig; path = "macOS Tests.xcconfig"; sourceTree = "<group>"; };
		248E18E71DE0791A0095516B /* macOS UI Tests.xcconfig */ = {isa = PBXFileReference; lastKnownFileType = text.xcconfig; path = "macOS UI Tests.xcconfig"; sourceTree = "<group>"; };
		248E18E81DE0791A0095516B /* macOS.xcconfig */ = {isa = PBXFileReference; lastKnownFileType = text.xcconfig; path = macOS.xcconfig; sourceTree = "<group>"; };
		248E18E91DE0791A0095516B /* Release.xcconfig */ = {isa = PBXFileReference; lastKnownFileType = text.xcconfig; path = Release.xcconfig; sourceTree = "<group>"; };
		248E18F21DE0791A0095516B /* tvOS Application.xcconfig */ = {isa = PBXFileReference; lastKnownFileType = text.xcconfig; path = "tvOS Application.xcconfig"; sourceTree = "<group>"; };
		248E18F31DE0791A0095516B /* tvOS Extension.xcconfig */ = {isa = PBXFileReference; lastKnownFileType = text.xcconfig; path = "tvOS Extension.xcconfig"; sourceTree = "<group>"; };
		248E18F41DE0791A0095516B /* tvOS Framework.xcconfig */ = {isa = PBXFileReference; lastKnownFileType = text.xcconfig; path = "tvOS Framework.xcconfig"; sourceTree = "<group>"; };
		248E18F51DE0791A0095516B /* tvOS Tests.xcconfig */ = {isa = PBXFileReference; lastKnownFileType = text.xcconfig; path = "tvOS Tests.xcconfig"; sourceTree = "<group>"; };
		248E18F61DE0791A0095516B /* tvOS UI Tests.xcconfig */ = {isa = PBXFileReference; lastKnownFileType = text.xcconfig; path = "tvOS UI Tests.xcconfig"; sourceTree = "<group>"; };
		248E18F71DE0791A0095516B /* tvOS.xcconfig */ = {isa = PBXFileReference; lastKnownFileType = text.xcconfig; path = tvOS.xcconfig; sourceTree = "<group>"; };
		248E18F91DE0791A0095516B /* watchOS Application.xcconfig */ = {isa = PBXFileReference; lastKnownFileType = text.xcconfig; path = "watchOS Application.xcconfig"; sourceTree = "<group>"; };
		248E18FA1DE0791A0095516B /* watchOS Extension.xcconfig */ = {isa = PBXFileReference; lastKnownFileType = text.xcconfig; path = "watchOS Extension.xcconfig"; sourceTree = "<group>"; };
		248E18FB1DE0791A0095516B /* watchOS Framework.xcconfig */ = {isa = PBXFileReference; lastKnownFileType = text.xcconfig; path = "watchOS Framework.xcconfig"; sourceTree = "<group>"; };
		248E18FC1DE0791A0095516B /* watchOS.xcconfig */ = {isa = PBXFileReference; lastKnownFileType = text.xcconfig; path = watchOS.xcconfig; sourceTree = "<group>"; };
		24A0243A1E2FAB84008CA2D8 /* UIApplication.swift */ = {isa = PBXFileReference; fileEncoding = 4; lastKnownFileType = sourcecode.swift; path = UIApplication.swift; sourceTree = "<group>"; };
		637B57F11DD608B300A8D71C /* Routing Demo.app */ = {isa = PBXFileReference; explicitFileType = wrapper.application; includeInIndex = 0; path = "Routing Demo.app"; sourceTree = BUILT_PRODUCTS_DIR; };
		637B57F41DD608B300A8D71C /* AppDelegate.swift */ = {isa = PBXFileReference; lastKnownFileType = sourcecode.swift; path = AppDelegate.swift; sourceTree = "<group>"; };
		637B57F61DD608B300A8D71C /* PerformerViewController.swift */ = {isa = PBXFileReference; lastKnownFileType = sourcecode.swift; path = PerformerViewController.swift; sourceTree = "<group>"; };
		637B57F91DD608B300A8D71C /* Base */ = {isa = PBXFileReference; lastKnownFileType = file.storyboard; name = Base; path = Base.lproj/Main.storyboard; sourceTree = "<group>"; };
		637B57FB1DD608B300A8D71C /* Assets.xcassets */ = {isa = PBXFileReference; lastKnownFileType = folder.assetcatalog; path = Assets.xcassets; sourceTree = "<group>"; };
		637B57FE1DD608B300A8D71C /* Base */ = {isa = PBXFileReference; lastKnownFileType = file.storyboard; name = Base; path = Base.lproj/LaunchScreen.storyboard; sourceTree = "<group>"; };
		637B58001DD608B300A8D71C /* Info.plist */ = {isa = PBXFileReference; lastKnownFileType = text.plist.xml; path = Info.plist; sourceTree = "<group>"; };
		637B58101DD60C8D00A8D71C /* Screen.swift */ = {isa = PBXFileReference; fileEncoding = 4; lastKnownFileType = sourcecode.swift; path = Screen.swift; sourceTree = "<group>"; };
		637B58121DD60E7800A8D71C /* ActionViewController.swift */ = {isa = PBXFileReference; fileEncoding = 4; lastKnownFileType = sourcecode.swift; path = ActionViewController.swift; sourceTree = "<group>"; };
/* End PBXFileReference section */

/* Begin PBXFrameworksBuildPhase section */
		248E18B71DE0767E0095516B /* Frameworks */ = {
			isa = PBXFrameworksBuildPhase;
			buildActionMask = 2147483647;
			files = (
			);
			runOnlyForDeploymentPostprocessing = 0;
		};
		637B57EE1DD608B300A8D71C /* Frameworks */ = {
			isa = PBXFrameworksBuildPhase;
			buildActionMask = 2147483647;
			files = (
				248E18C21DE0767E0095516B /* Routing.framework in Frameworks */,
			);
			runOnlyForDeploymentPostprocessing = 0;
		};
/* End PBXFrameworksBuildPhase section */

/* Begin PBXGroup section */
		248E18BC1DE0767E0095516B /* Routing */ = {
			isa = PBXGroup;
			children = (
				248E18BD1DE0767E0095516B /* Routing.h */,
				248E18C81DE076B90095516B /* Action.swift */,
				248E18C91DE076B90095516B /* Performer.swift */,
				248E18CD1DE076B90095516B /* UIViewController.swift */,
				248E18CA1DE076B90095516B /* UINavigationController.swift */,
				248E18CB1DE076B90095516B /* UISplitViewController.swift */,
				248E18CC1DE076B90095516B /* UITabBarController.swift */,
				24A0243A1E2FAB84008CA2D8 /* UIApplication.swift */,
				248E18BE1DE0767E0095516B /* Info.plist */,
			);
			path = Routing;
			sourceTree = "<group>";
		};
		248E18D51DE0791A0095516B /* Configurations */ = {
			isa = PBXGroup;
			children = (
				248E18D71DE0791A0095516B /* Debug.xcconfig */,
				248E18E91DE0791A0095516B /* Release.xcconfig */,
				248E18D91DE0791A0095516B /* iOS */,
				248E18E21DE0791A0095516B /* macOS */,
				248E18F11DE0791A0095516B /* tvOS */,
				248E18F81DE0791A0095516B /* watchOS */,
			);
			path = Configurations;
			sourceTree = "<group>";
		};
		248E18D91DE0791A0095516B /* iOS */ = {
			isa = PBXGroup;
			children = (
				248E18DA1DE0791A0095516B /* iOS Application.xcconfig */,
				248E18DB1DE0791A0095516B /* iOS Bundle.xcconfig */,
				248E18DC1DE0791A0095516B /* iOS Extension.xcconfig */,
				248E18DD1DE0791A0095516B /* iOS Framework.xcconfig */,
				248E18DE1DE0791A0095516B /* iOS Static Library.xcconfig */,
				248E18DF1DE0791A0095516B /* iOS Tests.xcconfig */,
				248E18E01DE0791A0095516B /* iOS UI Tests.xcconfig */,
				248E18E11DE0791A0095516B /* iOS.xcconfig */,
			);
			path = iOS;
			sourceTree = "<group>";
		};
		248E18E21DE0791A0095516B /* macOS */ = {
			isa = PBXGroup;
			children = (
				248E18E31DE0791A0095516B /* macOS Application.xcconfig */,
				248E18E41DE0791A0095516B /* macOS Extension.xcconfig */,
				248E18E51DE0791A0095516B /* macOS Framework.xcconfig */,
				248E18E61DE0791A0095516B /* macOS Tests.xcconfig */,
				248E18E71DE0791A0095516B /* macOS UI Tests.xcconfig */,
				248E18E81DE0791A0095516B /* macOS.xcconfig */,
			);
			path = macOS;
			sourceTree = "<group>";
		};
		248E18F11DE0791A0095516B /* tvOS */ = {
			isa = PBXGroup;
			children = (
				248E18F21DE0791A0095516B /* tvOS Application.xcconfig */,
				248E18F31DE0791A0095516B /* tvOS Extension.xcconfig */,
				248E18F41DE0791A0095516B /* tvOS Framework.xcconfig */,
				248E18F51DE0791A0095516B /* tvOS Tests.xcconfig */,
				248E18F61DE0791A0095516B /* tvOS UI Tests.xcconfig */,
				248E18F71DE0791A0095516B /* tvOS.xcconfig */,
			);
			path = tvOS;
			sourceTree = "<group>";
		};
		248E18F81DE0791A0095516B /* watchOS */ = {
			isa = PBXGroup;
			children = (
				248E18F91DE0791A0095516B /* watchOS Application.xcconfig */,
				248E18FA1DE0791A0095516B /* watchOS Extension.xcconfig */,
				248E18FB1DE0791A0095516B /* watchOS Framework.xcconfig */,
				248E18FC1DE0791A0095516B /* watchOS.xcconfig */,
			);
			path = watchOS;
			sourceTree = "<group>";
		};
		637B57E81DD608B300A8D71C = {
			isa = PBXGroup;
			children = (
				637B57F31DD608B300A8D71C /* Routing Demo */,
				248E18BC1DE0767E0095516B /* Routing */,
				248E18D51DE0791A0095516B /* Configurations */,
				637B57F21DD608B300A8D71C /* Products */,
			);
			sourceTree = "<group>";
		};
		637B57F21DD608B300A8D71C /* Products */ = {
			isa = PBXGroup;
			children = (
				637B57F11DD608B300A8D71C /* Routing Demo.app */,
				248E18BB1DE0767E0095516B /* Routing.framework */,
			);
			name = Products;
			sourceTree = "<group>";
		};
		637B57F31DD608B300A8D71C /* Routing Demo */ = {
			isa = PBXGroup;
			children = (
				637B57F41DD608B300A8D71C /* AppDelegate.swift */,
				637B58121DD60E7800A8D71C /* ActionViewController.swift */,
				637B57F61DD608B300A8D71C /* PerformerViewController.swift */,
				637B58101DD60C8D00A8D71C /* Screen.swift */,
				637B57F81DD608B300A8D71C /* Main.storyboard */,
				637B57FB1DD608B300A8D71C /* Assets.xcassets */,
				637B57FD1DD608B300A8D71C /* LaunchScreen.storyboard */,
				637B58001DD608B300A8D71C /* Info.plist */,
			);
			path = "Routing Demo";
			sourceTree = "<group>";
		};
/* End PBXGroup section */

/* Begin PBXHeadersBuildPhase section */
		248E18B81DE0767E0095516B /* Headers */ = {
			isa = PBXHeadersBuildPhase;
			buildActionMask = 2147483647;
			files = (
				248E18BF1DE0767E0095516B /* Routing.h in Headers */,
			);
			runOnlyForDeploymentPostprocessing = 0;
		};
/* End PBXHeadersBuildPhase section */

/* Begin PBXNativeTarget section */
		248E18BA1DE0767E0095516B /* Routing */ = {
			isa = PBXNativeTarget;
			buildConfigurationList = 248E18C41DE0767E0095516B /* Build configuration list for PBXNativeTarget "Routing" */;
			buildPhases = (
				248E18B61DE0767E0095516B /* Sources */,
				248E18B71DE0767E0095516B /* Frameworks */,
				248E18B81DE0767E0095516B /* Headers */,
				248E18B91DE0767E0095516B /* Resources */,
			);
			buildRules = (
			);
			dependencies = (
			);
			name = Routing;
			productName = Routing;
			productReference = 248E18BB1DE0767E0095516B /* Routing.framework */;
			productType = "com.apple.product-type.framework";
		};
		637B57F01DD608B300A8D71C /* Routing Demo */ = {
			isa = PBXNativeTarget;
			buildConfigurationList = 637B58031DD608B300A8D71C /* Build configuration list for PBXNativeTarget "Routing Demo" */;
			buildPhases = (
				637B57ED1DD608B300A8D71C /* Sources */,
				637B57EE1DD608B300A8D71C /* Frameworks */,
				637B57EF1DD608B300A8D71C /* Resources */,
				248E18C71DE0767E0095516B /* Embed Frameworks */,
			);
			buildRules = (
			);
			dependencies = (
				248E18C11DE0767E0095516B /* PBXTargetDependency */,
			);
			name = "Routing Demo";
			productName = ActionRouting;
			productReference = 637B57F11DD608B300A8D71C /* Routing Demo.app */;
			productType = "com.apple.product-type.application";
		};
/* End PBXNativeTarget section */

/* Begin PBXProject section */
		637B57E91DD608B300A8D71C /* Project object */ = {
			isa = PBXProject;
			attributes = {
				LastSwiftUpdateCheck = 0810;
				LastUpgradeCheck = 0810;
				ORGANIZATIONNAME = "Daniel Tull";
				TargetAttributes = {
					248E18BA1DE0767E0095516B = {
						CreatedOnToolsVersion = 8.1;
						DevelopmentTeam = B2M757K4LG;
						LastSwiftMigration = 0810;
						ProvisioningStyle = Automatic;
					};
					637B57F01DD608B300A8D71C = {
						CreatedOnToolsVersion = 8.1;
						DevelopmentTeam = B2M757K4LG;
						ProvisioningStyle = Automatic;
					};
				};
			};
			buildConfigurationList = 637B57EC1DD608B300A8D71C /* Build configuration list for PBXProject "Routing" */;
			compatibilityVersion = "Xcode 3.2";
			developmentRegion = English;
			hasScannedForEncodings = 0;
			knownRegions = (
				en,
				Base,
			);
			mainGroup = 637B57E81DD608B300A8D71C;
			productRefGroup = 637B57F21DD608B300A8D71C /* Products */;
			projectDirPath = "";
			projectRoot = "";
			targets = (
				637B57F01DD608B300A8D71C /* Routing Demo */,
				248E18BA1DE0767E0095516B /* Routing */,
			);
		};
/* End PBXProject section */

/* Begin PBXResourcesBuildPhase section */
		248E18B91DE0767E0095516B /* Resources */ = {
			isa = PBXResourcesBuildPhase;
			buildActionMask = 2147483647;
			files = (
			);
			runOnlyForDeploymentPostprocessing = 0;
		};
		637B57EF1DD608B300A8D71C /* Resources */ = {
			isa = PBXResourcesBuildPhase;
			buildActionMask = 2147483647;
			files = (
				637B57FF1DD608B300A8D71C /* LaunchScreen.storyboard in Resources */,
				637B57FC1DD608B300A8D71C /* Assets.xcassets in Resources */,
				637B57FA1DD608B300A8D71C /* Main.storyboard in Resources */,
			);
			runOnlyForDeploymentPostprocessing = 0;
		};
/* End PBXResourcesBuildPhase section */

/* Begin PBXSourcesBuildPhase section */
		248E18B61DE0767E0095516B /* Sources */ = {
			isa = PBXSourcesBuildPhase;
			buildActionMask = 2147483647;
			files = (
				248E18D01DE076B90095516B /* UINavigationController.swift in Sources */,
				24A0243B1E2FAB84008CA2D8 /* UIApplication.swift in Sources */,
				248E18CF1DE076B90095516B /* Performer.swift in Sources */,
				248E18D31DE076B90095516B /* UIViewController.swift in Sources */,
				248E18CE1DE076B90095516B /* Action.swift in Sources */,
				248E18D21DE076B90095516B /* UITabBarController.swift in Sources */,
				248E18D11DE076B90095516B /* UISplitViewController.swift in Sources */,
			);
			runOnlyForDeploymentPostprocessing = 0;
		};
		637B57ED1DD608B300A8D71C /* Sources */ = {
			isa = PBXSourcesBuildPhase;
			buildActionMask = 2147483647;
			files = (
				637B57F71DD608B300A8D71C /* PerformerViewController.swift in Sources */,
				637B58131DD60E7800A8D71C /* ActionViewController.swift in Sources */,
				637B57F51DD608B300A8D71C /* AppDelegate.swift in Sources */,
				637B58111DD60C8D00A8D71C /* Screen.swift in Sources */,
			);
			runOnlyForDeploymentPostprocessing = 0;
		};
/* End PBXSourcesBuildPhase section */

/* Begin PBXTargetDependency section */
		248E18C11DE0767E0095516B /* PBXTargetDependency */ = {
			isa = PBXTargetDependency;
			target = 248E18BA1DE0767E0095516B /* Routing */;
			targetProxy = 248E18C01DE0767E0095516B /* PBXContainerItemProxy */;
		};
/* End PBXTargetDependency section */

/* Begin PBXVariantGroup section */
		637B57F81DD608B300A8D71C /* Main.storyboard */ = {
			isa = PBXVariantGroup;
			children = (
				637B57F91DD608B300A8D71C /* Base */,
			);
			name = Main.storyboard;
			sourceTree = "<group>";
		};
		637B57FD1DD608B300A8D71C /* LaunchScreen.storyboard */ = {
			isa = PBXVariantGroup;
			children = (
				637B57FE1DD608B300A8D71C /* Base */,
			);
			name = LaunchScreen.storyboard;
			sourceTree = "<group>";
		};
/* End PBXVariantGroup section */

/* Begin XCBuildConfiguration section */
		248E18C51DE0767E0095516B /* Debug */ = {
			isa = XCBuildConfiguration;
			baseConfigurationReference = 248E18DD1DE0791A0095516B /* iOS Framework.xcconfig */;
			buildSettings = {
			};
			name = Debug;
		};
		248E18C61DE0767E0095516B /* Release */ = {
			isa = XCBuildConfiguration;
			baseConfigurationReference = 248E18DD1DE0791A0095516B /* iOS Framework.xcconfig */;
			buildSettings = {
			};
			name = Release;
		};
		637B58011DD608B300A8D71C /* Debug */ = {
			isa = XCBuildConfiguration;
			baseConfigurationReference = 248E18D71DE0791A0095516B /* Debug.xcconfig */;
			buildSettings = {
				DYLIB_COMPATIBILITY_VERSION = "$(PRODUCT_VERSION)";
				DYLIB_CURRENT_VERSION = "$(PRODUCT_VERSION)";
				IPHONEOS_DEPLOYMENT_TARGET = 10.0;
				PRODUCT_BUNDLE_IDENTIFIER = "uk.co.danieltull.$(PRODUCT_NAME:rfc1034identifier)";
				PRODUCT_VERSION = 1.0;
				SWIFT_VERSION = 3.0;
			};
			name = Debug;
		};
		637B58021DD608B300A8D71C /* Release */ = {
			isa = XCBuildConfiguration;
			baseConfigurationReference = 248E18E91DE0791A0095516B /* Release.xcconfig */;
			buildSettings = {
				DYLIB_COMPATIBILITY_VERSION = "$(PRODUCT_VERSION)";
				DYLIB_CURRENT_VERSION = "$(PRODUCT_VERSION)";
				IPHONEOS_DEPLOYMENT_TARGET = 10.0;
				PRODUCT_BUNDLE_IDENTIFIER = "uk.co.danieltull.$(PRODUCT_NAME:rfc1034identifier)";
				PRODUCT_VERSION = 1.0;
				SWIFT_VERSION = 3.0;
			};
			name = Release;
		};
		637B58041DD608B300A8D71C /* Debug */ = {
			isa = XCBuildConfiguration;
			baseConfigurationReference = 248E18DA1DE0791A0095516B /* iOS Application.xcconfig */;
			buildSettings = {
				ALWAYS_EMBED_SWIFT_STANDARD_LIBRARIES = YES;
			};
			name = Debug;
		};
		637B58051DD608B300A8D71C /* Release */ = {
			isa = XCBuildConfiguration;
			baseConfigurationReference = 248E18DA1DE0791A0095516B /* iOS Application.xcconfig */;
			buildSettings = {
				ALWAYS_EMBED_SWIFT_STANDARD_LIBRARIES = YES;
			};
			name = Release;
		};
/* End XCBuildConfiguration section */

/* Begin XCConfigurationList section */
		248E18C41DE0767E0095516B /* Build configuration list for PBXNativeTarget "Routing" */ = {
			isa = XCConfigurationList;
			buildConfigurations = (
				248E18C51DE0767E0095516B /* Debug */,
				248E18C61DE0767E0095516B /* Release */,
			);
			defaultConfigurationIsVisible = 0;
			defaultConfigurationName = Release;
		};
		637B57EC1DD608B300A8D71C /* Build configuration list for PBXProject "Routing" */ = {
			isa = XCConfigurationList;
			buildConfigurations = (
				637B58011DD608B300A8D71C /* Debug */,
				637B58021DD608B300A8D71C /* Release */,
			);
			defaultConfigurationIsVisible = 0;
			defaultConfigurationName = Release;
		};
		637B58031DD608B300A8D71C /* Build configuration list for PBXNativeTarget "Routing Demo" */ = {
			isa = XCConfigurationList;
			buildConfigurations = (
				637B58041DD608B300A8D71C /* Debug */,
				637B58051DD608B300A8D71C /* Release */,
			);
			defaultConfigurationIsVisible = 0;
			defaultConfigurationName = Release;
		};
/* End XCConfigurationList section */
	};
	rootObject = 637B57E91DD608B300A8D71C /* Project object */;
}
